// !$*UTF8*$!
{
	archiveVersion = 1;
	classes = {
	};
	objectVersion = 46;
	objects = {

/* Begin PBXBuildFile section */
		A40CB0631D89FAE700530153 /* IkesSubTableMenu.swift in Sources */ = {isa = PBXBuildFile; fileRef = A40CB0621D89FAE700530153 /* IkesSubTableMenu.swift */; };
		A40CB0661D8A074100530153 /* SelectableAddOn.swift in Sources */ = {isa = PBXBuildFile; fileRef = A40CB0651D8A074100530153 /* SelectableAddOn.swift */; };
		A40CB0701D8A177D00530153 /* AddOnsBox.swift in Sources */ = {isa = PBXBuildFile; fileRef = A40CB06F1D8A177D00530153 /* AddOnsBox.swift */; };
		A40CB0721D8A1F3F00530153 /* FoodComponentBox.swift in Sources */ = {isa = PBXBuildFile; fileRef = A40CB0711D8A1F3F00530153 /* FoodComponentBox.swift */; };
		A40CB0741D8A381400530153 /* BreadBox.swift in Sources */ = {isa = PBXBuildFile; fileRef = A40CB0731D8A381400530153 /* BreadBox.swift */; };
		A40CB0781D8A3D1A00530153 /* SandwichCustomizer.swift in Sources */ = {isa = PBXBuildFile; fileRef = A40CB0771D8A3D1A00530153 /* SandwichCustomizer.swift */; };
		A41B5BE81DA1CD900054E9E9 /* SandwichCustomizerView.swift in Sources */ = {isa = PBXBuildFile; fileRef = A41B5BE71DA1CD900054E9E9 /* SandwichCustomizerView.swift */; };
		A41B5BEA1DA1F5F60054E9E9 /* ReceiptView.swift in Sources */ = {isa = PBXBuildFile; fileRef = A41B5BE91DA1F5F60054E9E9 /* ReceiptView.swift */; };
		A43F3C171D99F9AE001CC885 /* CellToView.swift in Sources */ = {isa = PBXBuildFile; fileRef = A43F3C161D99F9AE001CC885 /* CellToView.swift */; };
		A43F3C191D99F9D8001CC885 /* PActiveCell.swift in Sources */ = {isa = PBXBuildFile; fileRef = A43F3C181D99F9D8001CC885 /* PActiveCell.swift */; };
		A43F3C1B1D99FB39001CC885 /* ActiveCell.swift in Sources */ = {isa = PBXBuildFile; fileRef = A43F3C1A1D99FB39001CC885 /* ActiveCell.swift */; };
		A4504DD91D7D1C9A00AD4F27 /* FoodItem.swift in Sources */ = {isa = PBXBuildFile; fileRef = A4504DD81D7D1C9A00AD4F27 /* FoodItem.swift */; };
		A4504DDB1D7D278300AD4F27 /* SandwichBase.swift in Sources */ = {isa = PBXBuildFile; fileRef = A4504DDA1D7D278300AD4F27 /* SandwichBase.swift */; };
		A4504DDF1D7D329A00AD4F27 /* AddOnsMenu.swift in Sources */ = {isa = PBXBuildFile; fileRef = A4504DDE1D7D329A00AD4F27 /* AddOnsMenu.swift */; };
		A45DA6FA1D8379940068A441 /* IkesOrderRow.swift in Sources */ = {isa = PBXBuildFile; fileRef = A45DA6F91D8379940068A441 /* IkesOrderRow.swift */; };
		A45DA6FC1D837C5D0068A441 /* IkesOrderTable.swift in Sources */ = {isa = PBXBuildFile; fileRef = A45DA6FB1D837C5D0068A441 /* IkesOrderTable.swift */; };
		A45DA6FE1D83857D0068A441 /* PReceiptPrintableRow.swift in Sources */ = {isa = PBXBuildFile; fileRef = A45DA6FD1D83857D0068A441 /* PReceiptPrintableRow.swift */; };
		A45DA7001D83920C0068A441 /* SandwichesMenu.swift in Sources */ = {isa = PBXBuildFile; fileRef = A45DA6FF1D83920C0068A441 /* SandwichesMenu.swift */; };
		A45DA7031D8397520068A441 /* Localization.swift in Sources */ = {isa = PBXBuildFile; fileRef = A45DA7021D8397520068A441 /* Localization.swift */; };
		A45DA7061D83C20B0068A441 /* IkesTableViewCell.swift in Sources */ = {isa = PBXBuildFile; fileRef = A45DA7051D83C20B0068A441 /* IkesTableViewCell.swift */; };
		A45DA7081D83C2A10068A441 /* PCellSelectListener.swift in Sources */ = {isa = PBXBuildFile; fileRef = A45DA7071D83C2A10068A441 /* PCellSelectListener.swift */; };
		A45DA70A1D83C2E00068A441 /* PCellStateChangedListener.swift in Sources */ = {isa = PBXBuildFile; fileRef = A45DA7091D83C2DF0068A441 /* PCellStateChangedListener.swift */; };
		A4636D0C1D878E4F002D6C60 /* Hashing.swift in Sources */ = {isa = PBXBuildFile; fileRef = A4636D0B1D878E4F002D6C60 /* Hashing.swift */; };
		A4636D0E1D879E1F002D6C60 /* IkesTableSection.swift in Sources */ = {isa = PBXBuildFile; fileRef = A4636D0D1D879E1F002D6C60 /* IkesTableSection.swift */; };
		A47149161D7E380F00138952 /* Bread.swift in Sources */ = {isa = PBXBuildFile; fileRef = A47149151D7E380F00138952 /* Bread.swift */; };
		A47149191D7E394200138952 /* BreadMenu.swift in Sources */ = {isa = PBXBuildFile; fileRef = A47149181D7E394200138952 /* BreadMenu.swift */; };
		A496CD011D8232C10041C376 /* PReceiptPrintable.swift in Sources */ = {isa = PBXBuildFile; fileRef = A496CD001D8232C10041C376 /* PReceiptPrintable.swift */; };
		A496CD031D8233690041C376 /* IkesOrder.swift in Sources */ = {isa = PBXBuildFile; fileRef = A496CD021D8233690041C376 /* IkesOrder.swift */; };
		A49D99B81D90E453008EA161 /* PFoodComponentBoxFactory.swift in Sources */ = {isa = PBXBuildFile; fileRef = A49D99B71D90E453008EA161 /* PFoodComponentBoxFactory.swift */; };
		A49D99BA1D90F862008EA161 /* SelectableFoodItem.swift in Sources */ = {isa = PBXBuildFile; fileRef = A49D99B91D90F862008EA161 /* SelectableFoodItem.swift */; };
		A49D99BC1D90FCA2008EA161 /* FoodComponentBoxFactory.swift in Sources */ = {isa = PBXBuildFile; fileRef = A49D99BB1D90FCA2008EA161 /* FoodComponentBoxFactory.swift */; };
		A4B440221D7CC383008340A7 /* PFoodItem.swift in Sources */ = {isa = PBXBuildFile; fileRef = A4B440211D7CC383008340A7 /* PFoodItem.swift */; };
		A4B440261D7CC640008340A7 /* AddOn.swift in Sources */ = {isa = PBXBuildFile; fileRef = A4B440251D7CC640008340A7 /* AddOn.swift */; };
		A4B440291D7CCDE5008340A7 /* Sandwich.swift in Sources */ = {isa = PBXBuildFile; fileRef = A4B440281D7CCDE5008340A7 /* Sandwich.swift */; };
		A4B686741D7BB95A003F29D0 /* AppDelegate.swift in Sources */ = {isa = PBXBuildFile; fileRef = A4B686731D7BB95A003F29D0 /* AppDelegate.swift */; };
		A4B686761D7BB95A003F29D0 /* ViewController.swift in Sources */ = {isa = PBXBuildFile; fileRef = A4B686751D7BB95A003F29D0 /* ViewController.swift */; };
		A4B686791D7BB95A003F29D0 /* Main.storyboard in Resources */ = {isa = PBXBuildFile; fileRef = A4B686771D7BB95A003F29D0 /* Main.storyboard */; };
		A4B6867B1D7BB95A003F29D0 /* Assets.xcassets in Resources */ = {isa = PBXBuildFile; fileRef = A4B6867A1D7BB95A003F29D0 /* Assets.xcassets */; };
		A4B6867E1D7BB95A003F29D0 /* LaunchScreen.storyboard in Resources */ = {isa = PBXBuildFile; fileRef = A4B6867C1D7BB95A003F29D0 /* LaunchScreen.storyboard */; };
		A4B77D0F1D89018E007C9293 /* IkesDataSource.swift in Sources */ = {isa = PBXBuildFile; fileRef = A4B77D0E1D89018E007C9293 /* IkesDataSource.swift */; };
		A4C81A7B1D9F36C600DD03AF /* IkesTableViewController.swift in Sources */ = {isa = PBXBuildFile; fileRef = A4C81A7A1D9F36C600DD03AF /* IkesTableViewController.swift */; };
		A4D9014E1D8106CE00CB98E8 /* AddOnsSubmenu.swift in Sources */ = {isa = PBXBuildFile; fileRef = A4D9014D1D8106CE00CB98E8 /* AddOnsSubmenu.swift */; };
		A4D901501D8107A700CB98E8 /* InternalNameObject.swift in Sources */ = {isa = PBXBuildFile; fileRef = A4D9014F1D8107A700CB98E8 /* InternalNameObject.swift */; };
/* End PBXBuildFile section */

/* Begin PBXFileReference section */
		A40CB0621D89FAE700530153 /* IkesSubTableMenu.swift */ = {isa = PBXFileReference; fileEncoding = 4; lastKnownFileType = sourcecode.swift; path = IkesSubTableMenu.swift; sourceTree = "<group>"; };
		A40CB0651D8A074100530153 /* SelectableAddOn.swift */ = {isa = PBXFileReference; fileEncoding = 4; lastKnownFileType = sourcecode.swift; path = SelectableAddOn.swift; sourceTree = "<group>"; };
		A40CB06F1D8A177D00530153 /* AddOnsBox.swift */ = {isa = PBXFileReference; fileEncoding = 4; lastKnownFileType = sourcecode.swift; path = AddOnsBox.swift; sourceTree = "<group>"; };
		A40CB0711D8A1F3F00530153 /* FoodComponentBox.swift */ = {isa = PBXFileReference; fileEncoding = 4; lastKnownFileType = sourcecode.swift; path = FoodComponentBox.swift; sourceTree = "<group>"; };
		A40CB0731D8A381400530153 /* BreadBox.swift */ = {isa = PBXFileReference; fileEncoding = 4; lastKnownFileType = sourcecode.swift; path = BreadBox.swift; sourceTree = "<group>"; };
		A40CB0771D8A3D1A00530153 /* SandwichCustomizer.swift */ = {isa = PBXFileReference; fileEncoding = 4; lastKnownFileType = sourcecode.swift; path = SandwichCustomizer.swift; sourceTree = "<group>"; };
		A41B5BE71DA1CD900054E9E9 /* SandwichCustomizerView.swift */ = {isa = PBXFileReference; fileEncoding = 4; lastKnownFileType = sourcecode.swift; path = SandwichCustomizerView.swift; sourceTree = "<group>"; };
		A41B5BE91DA1F5F60054E9E9 /* ReceiptView.swift */ = {isa = PBXFileReference; fileEncoding = 4; lastKnownFileType = sourcecode.swift; path = ReceiptView.swift; sourceTree = "<group>"; };
		A43F3C161D99F9AE001CC885 /* CellToView.swift */ = {isa = PBXFileReference; fileEncoding = 4; lastKnownFileType = sourcecode.swift; path = CellToView.swift; sourceTree = "<group>"; };
		A43F3C181D99F9D8001CC885 /* PActiveCell.swift */ = {isa = PBXFileReference; fileEncoding = 4; lastKnownFileType = sourcecode.swift; path = PActiveCell.swift; sourceTree = "<group>"; };
		A43F3C1A1D99FB39001CC885 /* ActiveCell.swift */ = {isa = PBXFileReference; fileEncoding = 4; lastKnownFileType = sourcecode.swift; path = ActiveCell.swift; sourceTree = "<group>"; };
		A4504DD81D7D1C9A00AD4F27 /* FoodItem.swift */ = {isa = PBXFileReference; fileEncoding = 4; lastKnownFileType = sourcecode.swift; path = FoodItem.swift; sourceTree = "<group>"; };
		A4504DDA1D7D278300AD4F27 /* SandwichBase.swift */ = {isa = PBXFileReference; fileEncoding = 4; lastKnownFileType = sourcecode.swift; path = SandwichBase.swift; sourceTree = "<group>"; };
		A4504DDE1D7D329A00AD4F27 /* AddOnsMenu.swift */ = {isa = PBXFileReference; fileEncoding = 4; lastKnownFileType = sourcecode.swift; path = AddOnsMenu.swift; sourceTree = "<group>"; };
		A45DA6F91D8379940068A441 /* IkesOrderRow.swift */ = {isa = PBXFileReference; fileEncoding = 4; lastKnownFileType = sourcecode.swift; path = IkesOrderRow.swift; sourceTree = "<group>"; };
		A45DA6FB1D837C5D0068A441 /* IkesOrderTable.swift */ = {isa = PBXFileReference; fileEncoding = 4; lastKnownFileType = sourcecode.swift; path = IkesOrderTable.swift; sourceTree = "<group>"; };
		A45DA6FD1D83857D0068A441 /* PReceiptPrintableRow.swift */ = {isa = PBXFileReference; fileEncoding = 4; lastKnownFileType = sourcecode.swift; path = PReceiptPrintableRow.swift; sourceTree = "<group>"; };
		A45DA6FF1D83920C0068A441 /* SandwichesMenu.swift */ = {isa = PBXFileReference; fileEncoding = 4; lastKnownFileType = sourcecode.swift; path = SandwichesMenu.swift; sourceTree = "<group>"; };
		A45DA7021D8397520068A441 /* Localization.swift */ = {isa = PBXFileReference; fileEncoding = 4; lastKnownFileType = sourcecode.swift; path = Localization.swift; sourceTree = "<group>"; };
		A45DA7051D83C20B0068A441 /* IkesTableViewCell.swift */ = {isa = PBXFileReference; fileEncoding = 4; lastKnownFileType = sourcecode.swift; path = IkesTableViewCell.swift; sourceTree = "<group>"; };
		A45DA7071D83C2A10068A441 /* PCellSelectListener.swift */ = {isa = PBXFileReference; fileEncoding = 4; lastKnownFileType = sourcecode.swift; path = PCellSelectListener.swift; sourceTree = "<group>"; };
		A45DA7091D83C2DF0068A441 /* PCellStateChangedListener.swift */ = {isa = PBXFileReference; fileEncoding = 4; lastKnownFileType = sourcecode.swift; path = PCellStateChangedListener.swift; sourceTree = "<group>"; };
		A4636D0B1D878E4F002D6C60 /* Hashing.swift */ = {isa = PBXFileReference; fileEncoding = 4; lastKnownFileType = sourcecode.swift; path = Hashing.swift; sourceTree = "<group>"; };
		A4636D0D1D879E1F002D6C60 /* IkesTableSection.swift */ = {isa = PBXFileReference; fileEncoding = 4; lastKnownFileType = sourcecode.swift; path = IkesTableSection.swift; sourceTree = "<group>"; };
		A47149151D7E380F00138952 /* Bread.swift */ = {isa = PBXFileReference; fileEncoding = 4; lastKnownFileType = sourcecode.swift; path = Bread.swift; sourceTree = "<group>"; };
		A47149181D7E394200138952 /* BreadMenu.swift */ = {isa = PBXFileReference; fileEncoding = 4; lastKnownFileType = sourcecode.swift; path = BreadMenu.swift; sourceTree = "<group>"; };
		A496CD001D8232C10041C376 /* PReceiptPrintable.swift */ = {isa = PBXFileReference; fileEncoding = 4; lastKnownFileType = sourcecode.swift; path = PReceiptPrintable.swift; sourceTree = "<group>"; };
		A496CD021D8233690041C376 /* IkesOrder.swift */ = {isa = PBXFileReference; fileEncoding = 4; lastKnownFileType = sourcecode.swift; path = IkesOrder.swift; sourceTree = "<group>"; };
		A49D99B71D90E453008EA161 /* PFoodComponentBoxFactory.swift */ = {isa = PBXFileReference; fileEncoding = 4; lastKnownFileType = sourcecode.swift; path = PFoodComponentBoxFactory.swift; sourceTree = "<group>"; };
		A49D99B91D90F862008EA161 /* SelectableFoodItem.swift */ = {isa = PBXFileReference; fileEncoding = 4; lastKnownFileType = sourcecode.swift; path = SelectableFoodItem.swift; sourceTree = "<group>"; };
		A49D99BB1D90FCA2008EA161 /* FoodComponentBoxFactory.swift */ = {isa = PBXFileReference; fileEncoding = 4; lastKnownFileType = sourcecode.swift; path = FoodComponentBoxFactory.swift; sourceTree = "<group>"; };
		A4B440211D7CC383008340A7 /* PFoodItem.swift */ = {isa = PBXFileReference; fileEncoding = 4; lastKnownFileType = sourcecode.swift; path = PFoodItem.swift; sourceTree = "<group>"; };
		A4B440251D7CC640008340A7 /* AddOn.swift */ = {isa = PBXFileReference; fileEncoding = 4; lastKnownFileType = sourcecode.swift; path = AddOn.swift; sourceTree = "<group>"; };
		A4B440281D7CCDE5008340A7 /* Sandwich.swift */ = {isa = PBXFileReference; fileEncoding = 4; lastKnownFileType = sourcecode.swift; path = Sandwich.swift; sourceTree = "<group>"; };
		A4B686701D7BB95A003F29D0 /* Ike's Love and Sandwiches.app */ = {isa = PBXFileReference; explicitFileType = wrapper.application; includeInIndex = 0; path = "Ike's Love and Sandwiches.app"; sourceTree = BUILT_PRODUCTS_DIR; };
		A4B686731D7BB95A003F29D0 /* AppDelegate.swift */ = {isa = PBXFileReference; lastKnownFileType = sourcecode.swift; path = AppDelegate.swift; sourceTree = "<group>"; };
		A4B686751D7BB95A003F29D0 /* ViewController.swift */ = {isa = PBXFileReference; lastKnownFileType = sourcecode.swift; path = ViewController.swift; sourceTree = "<group>"; };
		A4B686781D7BB95A003F29D0 /* Base */ = {isa = PBXFileReference; lastKnownFileType = file.storyboard; name = Base; path = Base.lproj/Main.storyboard; sourceTree = "<group>"; };
		A4B6867A1D7BB95A003F29D0 /* Assets.xcassets */ = {isa = PBXFileReference; lastKnownFileType = folder.assetcatalog; path = Assets.xcassets; sourceTree = "<group>"; };
		A4B6867D1D7BB95A003F29D0 /* Base */ = {isa = PBXFileReference; lastKnownFileType = file.storyboard; name = Base; path = Base.lproj/LaunchScreen.storyboard; sourceTree = "<group>"; };
		A4B6867F1D7BB95A003F29D0 /* Info.plist */ = {isa = PBXFileReference; lastKnownFileType = text.plist.xml; path = Info.plist; sourceTree = "<group>"; };
		A4B77D0E1D89018E007C9293 /* IkesDataSource.swift */ = {isa = PBXFileReference; fileEncoding = 4; lastKnownFileType = sourcecode.swift; path = IkesDataSource.swift; sourceTree = "<group>"; };
		A4C81A7A1D9F36C600DD03AF /* IkesTableViewController.swift */ = {isa = PBXFileReference; fileEncoding = 4; lastKnownFileType = sourcecode.swift; path = IkesTableViewController.swift; sourceTree = "<group>"; };
		A4D9014D1D8106CE00CB98E8 /* AddOnsSubmenu.swift */ = {isa = PBXFileReference; fileEncoding = 4; lastKnownFileType = sourcecode.swift; path = AddOnsSubmenu.swift; sourceTree = "<group>"; };
		A4D9014F1D8107A700CB98E8 /* InternalNameObject.swift */ = {isa = PBXFileReference; fileEncoding = 4; lastKnownFileType = sourcecode.swift; path = InternalNameObject.swift; sourceTree = "<group>"; };
/* End PBXFileReference section */

/* Begin PBXFrameworksBuildPhase section */
		A4B6866D1D7BB95A003F29D0 /* Frameworks */ = {
			isa = PBXFrameworksBuildPhase;
			buildActionMask = 2147483647;
			files = (
			);
			runOnlyForDeploymentPostprocessing = 0;
		};
/* End PBXFrameworksBuildPhase section */

/* Begin PBXGroup section */
		A40CB0641D8A072600530153 /* abstract_views */ = {
			isa = PBXGroup;
			children = (
				A43F3C151D99F994001CC885 /* navigation_menus */,
				A43F3C1C1D9A0E0A001CC885 /* sandwich_customization */,
			);
			name = abstract_views;
			sourceTree = "<group>";
		};
		A41B5BE61DA1CB2F0054E9E9 /* concrete_views */ = {
			isa = PBXGroup;
			children = (
				A41B5BE71DA1CD900054E9E9 /* SandwichCustomizerView.swift */,
				A41B5BE91DA1F5F60054E9E9 /* ReceiptView.swift */,
			);
			name = concrete_views;
			sourceTree = "<group>";
		};
		A43F3C151D99F994001CC885 /* navigation_menus */ = {
			isa = PBXGroup;
			children = (
				A43F3C1A1D99FB39001CC885 /* ActiveCell.swift */,
				A43F3C161D99F9AE001CC885 /* CellToView.swift */,
				A4B77D0E1D89018E007C9293 /* IkesDataSource.swift */,
				A4636D0D1D879E1F002D6C60 /* IkesTableSection.swift */,
				A43F3C181D99F9D8001CC885 /* PActiveCell.swift */,
				A4C81A7A1D9F36C600DD03AF /* IkesTableViewController.swift */,
			);
			name = navigation_menus;
			sourceTree = "<group>";
		};
		A43F3C1C1D9A0E0A001CC885 /* sandwich_customization */ = {
			isa = PBXGroup;
			children = (
				A49D99B91D90F862008EA161 /* SelectableFoodItem.swift */,
				A40CB0651D8A074100530153 /* SelectableAddOn.swift */,
				A40CB06F1D8A177D00530153 /* AddOnsBox.swift */,
				A40CB0711D8A1F3F00530153 /* FoodComponentBox.swift */,
				A40CB0731D8A381400530153 /* BreadBox.swift */,
				A40CB0771D8A3D1A00530153 /* SandwichCustomizer.swift */,
				A49D99B71D90E453008EA161 /* PFoodComponentBoxFactory.swift */,
				A49D99BB1D90FCA2008EA161 /* FoodComponentBoxFactory.swift */,
			);
			name = sandwich_customization;
			sourceTree = "<group>";
		};
		A45DA7011D8397410068A441 /* helper_classes */ = {
			isa = PBXGroup;
			children = (
				A4D9014F1D8107A700CB98E8 /* InternalNameObject.swift */,
				A45DA7021D8397520068A441 /* Localization.swift */,
				A4636D0B1D878E4F002D6C60 /* Hashing.swift */,
			);
			name = helper_classes;
			sourceTree = "<group>";
		};
		A45DA7041D83C05F0068A441 /* view_controllers */ = {
			isa = PBXGroup;
			children = (
				A41B5BE61DA1CB2F0054E9E9 /* concrete_views */,
				A40CB0641D8A072600530153 /* abstract_views */,
				A45DA7051D83C20B0068A441 /* IkesTableViewCell.swift */,
				A45DA7071D83C2A10068A441 /* PCellSelectListener.swift */,
				A45DA7091D83C2DF0068A441 /* PCellStateChangedListener.swift */,
				A40CB0621D89FAE700530153 /* IkesSubTableMenu.swift */,
			);
			name = view_controllers;
			sourceTree = "<group>";
		};
		A496CCFF1D8232AE0041C376 /* orders */ = {
			isa = PBXGroup;
			children = (
				A496CD001D8232C10041C376 /* PReceiptPrintable.swift */,
				A496CD021D8233690041C376 /* IkesOrder.swift */,
				A45DA6F91D8379940068A441 /* IkesOrderRow.swift */,
				A45DA6FB1D837C5D0068A441 /* IkesOrderTable.swift */,
				A45DA6FD1D83857D0068A441 /* PReceiptPrintableRow.swift */,
			);
			name = orders;
			sourceTree = "<group>";
		};
		A4B440201D7CC34C008340A7 /* food */ = {
			isa = PBXGroup;
			children = (
				A4B440271D7CCD98008340A7 /* sandwiches */,
				A4B440241D7CC5E5008340A7 /* add_ons */,
				A4B440211D7CC383008340A7 /* PFoodItem.swift */,
				A4504DD81D7D1C9A00AD4F27 /* FoodItem.swift */,
			);
			name = food;
			sourceTree = "<group>";
		};
		A4B440241D7CC5E5008340A7 /* add_ons */ = {
			isa = PBXGroup;
			children = (
				A4B440251D7CC640008340A7 /* AddOn.swift */,
				A4504DDE1D7D329A00AD4F27 /* AddOnsMenu.swift */,
				A47149151D7E380F00138952 /* Bread.swift */,
				A47149181D7E394200138952 /* BreadMenu.swift */,
				A4D9014D1D8106CE00CB98E8 /* AddOnsSubmenu.swift */,
			);
			name = add_ons;
			sourceTree = "<group>";
		};
		A4B440271D7CCD98008340A7 /* sandwiches */ = {
			isa = PBXGroup;
			children = (
				A4B440281D7CCDE5008340A7 /* Sandwich.swift */,
				A4504DDA1D7D278300AD4F27 /* SandwichBase.swift */,
				A45DA6FF1D83920C0068A441 /* SandwichesMenu.swift */,
			);
			name = sandwiches;
			sourceTree = "<group>";
		};
		A4B686671D7BB95A003F29D0 = {
			isa = PBXGroup;
			children = (
				A4B686721D7BB95A003F29D0 /* Ike's Love and Sandwiches */,
				A4B686711D7BB95A003F29D0 /* Products */,
			);
			sourceTree = "<group>";
		};
		A4B686711D7BB95A003F29D0 /* Products */ = {
			isa = PBXGroup;
			children = (
				A4B686701D7BB95A003F29D0 /* Ike's Love and Sandwiches.app */,
			);
			name = Products;
			sourceTree = "<group>";
		};
		A4B686721D7BB95A003F29D0 /* Ike's Love and Sandwiches */ = {
			isa = PBXGroup;
			children = (
				A45DA7041D83C05F0068A441 /* view_controllers */,
				A45DA7011D8397410068A441 /* helper_classes */,
				A496CCFF1D8232AE0041C376 /* orders */,
				A4B440201D7CC34C008340A7 /* food */,
				A4B686731D7BB95A003F29D0 /* AppDelegate.swift */,
				A4B686751D7BB95A003F29D0 /* ViewController.swift */,
				A4B686771D7BB95A003F29D0 /* Main.storyboard */,
				A4B6867A1D7BB95A003F29D0 /* Assets.xcassets */,
				A4B6867C1D7BB95A003F29D0 /* LaunchScreen.storyboard */,
				A4B6867F1D7BB95A003F29D0 /* Info.plist */,
			);
			path = "Ike's Love and Sandwiches";
			sourceTree = "<group>";
		};
/* End PBXGroup section */

/* Begin PBXNativeTarget section */
		A4B6866F1D7BB95A003F29D0 /* Ike's Love and Sandwiches */ = {
			isa = PBXNativeTarget;
			buildConfigurationList = A4B686821D7BB95A003F29D0 /* Build configuration list for PBXNativeTarget "Ike's Love and Sandwiches" */;
			buildPhases = (
				A4B6866C1D7BB95A003F29D0 /* Sources */,
				A4B6866D1D7BB95A003F29D0 /* Frameworks */,
				A4B6866E1D7BB95A003F29D0 /* Resources */,
			);
			buildRules = (
			);
			dependencies = (
			);
			name = "Ike's Love and Sandwiches";
			productName = "Ike's Love and Sandwiches";
			productReference = A4B686701D7BB95A003F29D0 /* Ike's Love and Sandwiches.app */;
			productType = "com.apple.product-type.application";
		};
/* End PBXNativeTarget section */

/* Begin PBXProject section */
		A4B686681D7BB95A003F29D0 /* Project object */ = {
			isa = PBXProject;
			attributes = {
				LastSwiftUpdateCheck = 0730;
				LastUpgradeCheck = 0800;
				ORGANIZATIONNAME = "Ike's Place";
				TargetAttributes = {
					A4B6866F1D7BB95A003F29D0 = {
						CreatedOnToolsVersion = 7.3.1;
						DevelopmentTeam = JWDL6K3VXC;
						LastSwiftMigration = 0800;
					};
				};
			};
			buildConfigurationList = A4B6866B1D7BB95A003F29D0 /* Build configuration list for PBXProject "Ike's Love and Sandwiches" */;
			compatibilityVersion = "Xcode 3.2";
			developmentRegion = English;
			hasScannedForEncodings = 0;
			knownRegions = (
				en,
				Base,
			);
			mainGroup = A4B686671D7BB95A003F29D0;
			productRefGroup = A4B686711D7BB95A003F29D0 /* Products */;
			projectDirPath = "";
			projectRoot = "";
			targets = (
				A4B6866F1D7BB95A003F29D0 /* Ike's Love and Sandwiches */,
			);
		};
/* End PBXProject section */

/* Begin PBXResourcesBuildPhase section */
		A4B6866E1D7BB95A003F29D0 /* Resources */ = {
			isa = PBXResourcesBuildPhase;
			buildActionMask = 2147483647;
			files = (
				A4B6867E1D7BB95A003F29D0 /* LaunchScreen.storyboard in Resources */,
				A4B6867B1D7BB95A003F29D0 /* Assets.xcassets in Resources */,
				A4B686791D7BB95A003F29D0 /* Main.storyboard in Resources */,
			);
			runOnlyForDeploymentPostprocessing = 0;
		};
/* End PBXResourcesBuildPhase section */

/* Begin PBXSourcesBuildPhase section */
		A4B6866C1D7BB95A003F29D0 /* Sources */ = {
			isa = PBXSourcesBuildPhase;
			buildActionMask = 2147483647;
			files = (
				A45DA7031D8397520068A441 /* Localization.swift in Sources */,
				A49D99BA1D90F862008EA161 /* SelectableFoodItem.swift in Sources */,
				A496CD031D8233690041C376 /* IkesOrder.swift in Sources */,
				A45DA6FE1D83857D0068A441 /* PReceiptPrintableRow.swift in Sources */,
				A4B77D0F1D89018E007C9293 /* IkesDataSource.swift in Sources */,
				A40CB0631D89FAE700530153 /* IkesSubTableMenu.swift in Sources */,
				A4D901501D8107A700CB98E8 /* InternalNameObject.swift in Sources */,
				A4504DDB1D7D278300AD4F27 /* SandwichBase.swift in Sources */,
				A43F3C1B1D99FB39001CC885 /* ActiveCell.swift in Sources */,
				A4B440261D7CC640008340A7 /* AddOn.swift in Sources */,
				A4B686761D7BB95A003F29D0 /* ViewController.swift in Sources */,
				A4504DDF1D7D329A00AD4F27 /* AddOnsMenu.swift in Sources */,
				A496CD011D8232C10041C376 /* PReceiptPrintable.swift in Sources */,
				A4B440291D7CCDE5008340A7 /* Sandwich.swift in Sources */,
				A45DA7081D83C2A10068A441 /* PCellSelectListener.swift in Sources */,
				A4B686741D7BB95A003F29D0 /* AppDelegate.swift in Sources */,
				A4504DD91D7D1C9A00AD4F27 /* FoodItem.swift in Sources */,
				A43F3C171D99F9AE001CC885 /* CellToView.swift in Sources */,
				A40CB0741D8A381400530153 /* BreadBox.swift in Sources */,
				A45DA7001D83920C0068A441 /* SandwichesMenu.swift in Sources */,
				A47149161D7E380F00138952 /* Bread.swift in Sources */,
				A40CB0661D8A074100530153 /* SelectableAddOn.swift in Sources */,
				A49D99BC1D90FCA2008EA161 /* FoodComponentBoxFactory.swift in Sources */,
				A40CB0721D8A1F3F00530153 /* FoodComponentBox.swift in Sources */,
				A4B440221D7CC383008340A7 /* PFoodItem.swift in Sources */,
				A4C81A7B1D9F36C600DD03AF /* IkesTableViewController.swift in Sources */,
				A43F3C191D99F9D8001CC885 /* PActiveCell.swift in Sources */,
				A41B5BEA1DA1F5F60054E9E9 /* ReceiptView.swift in Sources */,
				A4D9014E1D8106CE00CB98E8 /* AddOnsSubmenu.swift in Sources */,
				A40CB0701D8A177D00530153 /* AddOnsBox.swift in Sources */,
				A45DA6FA1D8379940068A441 /* IkesOrderRow.swift in Sources */,
				A4636D0E1D879E1F002D6C60 /* IkesTableSection.swift in Sources */,
				A40CB0781D8A3D1A00530153 /* SandwichCustomizer.swift in Sources */,
				A45DA7061D83C20B0068A441 /* IkesTableViewCell.swift in Sources */,
				A45DA70A1D83C2E00068A441 /* PCellStateChangedListener.swift in Sources */,
				A41B5BE81DA1CD900054E9E9 /* SandwichCustomizerView.swift in Sources */,
				A47149191D7E394200138952 /* BreadMenu.swift in Sources */,
				A49D99B81D90E453008EA161 /* PFoodComponentBoxFactory.swift in Sources */,
				A4636D0C1D878E4F002D6C60 /* Hashing.swift in Sources */,
				A45DA6FC1D837C5D0068A441 /* IkesOrderTable.swift in Sources */,
			);
			runOnlyForDeploymentPostprocessing = 0;
		};
/* End PBXSourcesBuildPhase section */

/* Begin PBXVariantGroup section */
		A4B686771D7BB95A003F29D0 /* Main.storyboard */ = {
			isa = PBXVariantGroup;
			children = (
				A4B686781D7BB95A003F29D0 /* Base */,
			);
			name = Main.storyboard;
			sourceTree = "<group>";
		};
		A4B6867C1D7BB95A003F29D0 /* LaunchScreen.storyboard */ = {
			isa = PBXVariantGroup;
			children = (
				A4B6867D1D7BB95A003F29D0 /* Base */,
			);
			name = LaunchScreen.storyboard;
			sourceTree = "<group>";
		};
/* End PBXVariantGroup section */

/* Begin XCBuildConfiguration section */
		A4B686801D7BB95A003F29D0 /* Debug */ = {
			isa = XCBuildConfiguration;
			buildSettings = {
				ALWAYS_SEARCH_USER_PATHS = NO;
				CLANG_ANALYZER_NONNULL = YES;
				CLANG_CXX_LANGUAGE_STANDARD = "gnu++0x";
				CLANG_CXX_LIBRARY = "libc++";
				CLANG_ENABLE_MODULES = YES;
				CLANG_ENABLE_OBJC_ARC = YES;
				CLANG_WARN_BOOL_CONVERSION = YES;
				CLANG_WARN_CONSTANT_CONVERSION = YES;
				CLANG_WARN_DIRECT_OBJC_ISA_USAGE = YES_ERROR;
				CLANG_WARN_EMPTY_BODY = YES;
				CLANG_WARN_ENUM_CONVERSION = YES;
				CLANG_WARN_INFINITE_RECURSION = YES;
				CLANG_WARN_INT_CONVERSION = YES;
				CLANG_WARN_OBJC_ROOT_CLASS = YES_ERROR;
				CLANG_WARN_SUSPICIOUS_MOVE = YES;
				CLANG_WARN_UNREACHABLE_CODE = YES;
				CLANG_WARN__DUPLICATE_METHOD_MATCH = YES;
				"CODE_SIGN_IDENTITY[sdk=iphoneos*]" = "iPhone Developer";
				COPY_PHASE_STRIP = NO;
				DEBUG_INFORMATION_FORMAT = dwarf;
				ENABLE_STRICT_OBJC_MSGSEND = YES;
				ENABLE_TESTABILITY = YES;
				GCC_C_LANGUAGE_STANDARD = gnu99;
				GCC_DYNAMIC_NO_PIC = NO;
				GCC_NO_COMMON_BLOCKS = YES;
				GCC_OPTIMIZATION_LEVEL = 0;
				GCC_PREPROCESSOR_DEFINITIONS = (
					"DEBUG=1",
					"$(inherited)",
				);
				GCC_WARN_64_TO_32_BIT_CONVERSION = YES;
				GCC_WARN_ABOUT_RETURN_TYPE = YES_ERROR;
				GCC_WARN_UNDECLARED_SELECTOR = YES;
				GCC_WARN_UNINITIALIZED_AUTOS = YES_AGGRESSIVE;
				GCC_WARN_UNUSED_FUNCTION = YES;
				GCC_WARN_UNUSED_VARIABLE = YES;
				IPHONEOS_DEPLOYMENT_TARGET = 8.0;
				MTL_ENABLE_DEBUG_INFO = YES;
				ONLY_ACTIVE_ARCH = YES;
				SDKROOT = iphoneos;
				SWIFT_OPTIMIZATION_LEVEL = "-Onone";
				TARGETED_DEVICE_FAMILY = "1,2";
			};
			name = Debug;
		};
		A4B686811D7BB95A003F29D0 /* Release */ = {
			isa = XCBuildConfiguration;
			buildSettings = {
				ALWAYS_SEARCH_USER_PATHS = NO;
				CLANG_ANALYZER_NONNULL = YES;
				CLANG_CXX_LANGUAGE_STANDARD = "gnu++0x";
				CLANG_CXX_LIBRARY = "libc++";
				CLANG_ENABLE_MODULES = YES;
				CLANG_ENABLE_OBJC_ARC = YES;
				CLANG_WARN_BOOL_CONVERSION = YES;
				CLANG_WARN_CONSTANT_CONVERSION = YES;
				CLANG_WARN_DIRECT_OBJC_ISA_USAGE = YES_ERROR;
				CLANG_WARN_EMPTY_BODY = YES;
				CLANG_WARN_ENUM_CONVERSION = YES;
				CLANG_WARN_INFINITE_RECURSION = YES;
				CLANG_WARN_INT_CONVERSION = YES;
				CLANG_WARN_OBJC_ROOT_CLASS = YES_ERROR;
				CLANG_WARN_SUSPICIOUS_MOVE = YES;
				CLANG_WARN_UNREACHABLE_CODE = YES;
				CLANG_WARN__DUPLICATE_METHOD_MATCH = YES;
				"CODE_SIGN_IDENTITY[sdk=iphoneos*]" = "iPhone Developer";
				COPY_PHASE_STRIP = NO;
				DEBUG_INFORMATION_FORMAT = "dwarf-with-dsym";
				ENABLE_NS_ASSERTIONS = NO;
				ENABLE_STRICT_OBJC_MSGSEND = YES;
				GCC_C_LANGUAGE_STANDARD = gnu99;
				GCC_NO_COMMON_BLOCKS = YES;
				GCC_WARN_64_TO_32_BIT_CONVERSION = YES;
				GCC_WARN_ABOUT_RETURN_TYPE = YES_ERROR;
				GCC_WARN_UNDECLARED_SELECTOR = YES;
				GCC_WARN_UNINITIALIZED_AUTOS = YES_AGGRESSIVE;
				GCC_WARN_UNUSED_FUNCTION = YES;
				GCC_WARN_UNUSED_VARIABLE = YES;
				IPHONEOS_DEPLOYMENT_TARGET = 8.0;
				MTL_ENABLE_DEBUG_INFO = NO;
				SDKROOT = iphoneos;
				SWIFT_OPTIMIZATION_LEVEL = "-Owholemodule";
				TARGETED_DEVICE_FAMILY = "1,2";
				VALIDATE_PRODUCT = YES;
			};
			name = Release;
		};
		A4B686831D7BB95A003F29D0 /* Debug */ = {
			isa = XCBuildConfiguration;
			buildSettings = {
				ASSETCATALOG_COMPILER_APPICON_NAME = AppIcon;
				CODE_SIGN_IDENTITY = "iPhone Developer";
				"CODE_SIGN_IDENTITY[sdk=iphoneos*]" = "iPhone Developer";
				INFOPLIST_FILE = "Ike's Love and Sandwiches/Info.plist";
				LD_RUNPATH_SEARCH_PATHS = "$(inherited) @executable_path/Frameworks";
				PRODUCT_BUNDLE_IDENTIFIER = "com.ilikeikesplace.Ike-s-Love-and-Sandwiches";
				PRODUCT_NAME = "$(TARGET_NAME)";
				PROVISIONING_PROFILE = "";
				SWIFT_VERSION = 3.0;
			};
			name = Debug;
		};
		A4B686841D7BB95A003F29D0 /* Release */ = {
			isa = XCBuildConfiguration;
			buildSettings = {
				ASSETCATALOG_COMPILER_APPICON_NAME = AppIcon;
				CODE_SIGN_IDENTITY = "iPhone Developer";
				"CODE_SIGN_IDENTITY[sdk=iphoneos*]" = "iPhone Developer";
				INFOPLIST_FILE = "Ike's Love and Sandwiches/Info.plist";
				LD_RUNPATH_SEARCH_PATHS = "$(inherited) @executable_path/Frameworks";
				PRODUCT_BUNDLE_IDENTIFIER = "com.ilikeikesplace.Ike-s-Love-and-Sandwiches";
				PRODUCT_NAME = "$(TARGET_NAME)";
				PROVISIONING_PROFILE = "";
				SWIFT_VERSION = 3.0;
			};
			name = Release;
		};
/* End XCBuildConfiguration section */

/* Begin XCConfigurationList section */
		A4B6866B1D7BB95A003F29D0 /* Build configuration list for PBXProject "Ike's Love and Sandwiches" */ = {
			isa = XCConfigurationList;
			buildConfigurations = (
				A4B686801D7BB95A003F29D0 /* Debug */,
				A4B686811D7BB95A003F29D0 /* Release */,
			);
			defaultConfigurationIsVisible = 0;
			defaultConfigurationName = Release;
		};
		A4B686821D7BB95A003F29D0 /* Build configuration list for PBXNativeTarget "Ike's Love and Sandwiches" */ = {
			isa = XCConfigurationList;
			buildConfigurations = (
				A4B686831D7BB95A003F29D0 /* Debug */,
				A4B686841D7BB95A003F29D0 /* Release */,
			);
			defaultConfigurationIsVisible = 0;
			defaultConfigurationName = Release;
		};
/* End XCConfigurationList section */
	};
	rootObject = A4B686681D7BB95A003F29D0 /* Project object */;
}
