// !$*UTF8*$!
{
	archiveVersion = 1;
	classes = {
	};
	objectVersion = 46;
	objects = {

/* Begin PBXBuildFile section */
		A4504DD91D7D1C9A00AD4F27 /* FoodItem.swift in Sources */ = {isa = PBXBuildFile; fileRef = A4504DD81D7D1C9A00AD4F27 /* FoodItem.swift */; };
		A4504DDB1D7D278300AD4F27 /* SandwichBase.swift in Sources */ = {isa = PBXBuildFile; fileRef = A4504DDA1D7D278300AD4F27 /* SandwichBase.swift */; };
		A4504DDF1D7D329A00AD4F27 /* AddOnsMenu.swift in Sources */ = {isa = PBXBuildFile; fileRef = A4504DDE1D7D329A00AD4F27 /* AddOnsMenu.swift */; };
		A47149161D7E380F00138952 /* Bread.swift in Sources */ = {isa = PBXBuildFile; fileRef = A47149151D7E380F00138952 /* Bread.swift */; };
		A47149191D7E394200138952 /* BreadMenu.swift in Sources */ = {isa = PBXBuildFile; fileRef = A47149181D7E394200138952 /* BreadMenu.swift */; };
		A4B440221D7CC383008340A7 /* PFoodItem.swift in Sources */ = {isa = PBXBuildFile; fileRef = A4B440211D7CC383008340A7 /* PFoodItem.swift */; };
		A4B440261D7CC640008340A7 /* AddOn.swift in Sources */ = {isa = PBXBuildFile; fileRef = A4B440251D7CC640008340A7 /* AddOn.swift */; };
		A4B440291D7CCDE5008340A7 /* Sandwich.swift in Sources */ = {isa = PBXBuildFile; fileRef = A4B440281D7CCDE5008340A7 /* Sandwich.swift */; };
		A4B686741D7BB95A003F29D0 /* AppDelegate.swift in Sources */ = {isa = PBXBuildFile; fileRef = A4B686731D7BB95A003F29D0 /* AppDelegate.swift */; };
		A4B686761D7BB95A003F29D0 /* ViewController.swift in Sources */ = {isa = PBXBuildFile; fileRef = A4B686751D7BB95A003F29D0 /* ViewController.swift */; };
		A4B686791D7BB95A003F29D0 /* Main.storyboard in Resources */ = {isa = PBXBuildFile; fileRef = A4B686771D7BB95A003F29D0 /* Main.storyboard */; };
		A4B6867B1D7BB95A003F29D0 /* Assets.xcassets in Resources */ = {isa = PBXBuildFile; fileRef = A4B6867A1D7BB95A003F29D0 /* Assets.xcassets */; };
		A4B6867E1D7BB95A003F29D0 /* LaunchScreen.storyboard in Resources */ = {isa = PBXBuildFile; fileRef = A4B6867C1D7BB95A003F29D0 /* LaunchScreen.storyboard */; };
		A4D9014E1D8106CE00CB98E8 /* AddOnsSubmenu.swift in Sources */ = {isa = PBXBuildFile; fileRef = A4D9014D1D8106CE00CB98E8 /* AddOnsSubmenu.swift */; };
		A4D901501D8107A700CB98E8 /* InternalNameObject.swift in Sources */ = {isa = PBXBuildFile; fileRef = A4D9014F1D8107A700CB98E8 /* InternalNameObject.swift */; };
/* End PBXBuildFile section */

/* Begin PBXFileReference section */
		A4504DD81D7D1C9A00AD4F27 /* FoodItem.swift */ = {isa = PBXFileReference; fileEncoding = 4; lastKnownFileType = sourcecode.swift; path = FoodItem.swift; sourceTree = "<group>"; };
		A4504DDA1D7D278300AD4F27 /* SandwichBase.swift */ = {isa = PBXFileReference; fileEncoding = 4; lastKnownFileType = sourcecode.swift; path = SandwichBase.swift; sourceTree = "<group>"; };
		A4504DDE1D7D329A00AD4F27 /* AddOnsMenu.swift */ = {isa = PBXFileReference; fileEncoding = 4; lastKnownFileType = sourcecode.swift; path = AddOnsMenu.swift; sourceTree = "<group>"; };
		A47149151D7E380F00138952 /* Bread.swift */ = {isa = PBXFileReference; fileEncoding = 4; lastKnownFileType = sourcecode.swift; path = Bread.swift; sourceTree = "<group>"; };
		A47149181D7E394200138952 /* BreadMenu.swift */ = {isa = PBXFileReference; fileEncoding = 4; lastKnownFileType = sourcecode.swift; path = BreadMenu.swift; sourceTree = "<group>"; };
		A4B440211D7CC383008340A7 /* PFoodItem.swift */ = {isa = PBXFileReference; fileEncoding = 4; lastKnownFileType = sourcecode.swift; path = PFoodItem.swift; sourceTree = "<group>"; };
		A4B440251D7CC640008340A7 /* AddOn.swift */ = {isa = PBXFileReference; fileEncoding = 4; lastKnownFileType = sourcecode.swift; path = AddOn.swift; sourceTree = "<group>"; };
		A4B440281D7CCDE5008340A7 /* Sandwich.swift */ = {isa = PBXFileReference; fileEncoding = 4; lastKnownFileType = sourcecode.swift; path = Sandwich.swift; sourceTree = "<group>"; };
		A4B686701D7BB95A003F29D0 /* Ike's Love and Sandwiches.app */ = {isa = PBXFileReference; explicitFileType = wrapper.application; includeInIndex = 0; path = "Ike's Love and Sandwiches.app"; sourceTree = BUILT_PRODUCTS_DIR; };
		A4B686731D7BB95A003F29D0 /* AppDelegate.swift */ = {isa = PBXFileReference; lastKnownFileType = sourcecode.swift; path = AppDelegate.swift; sourceTree = "<group>"; };
		A4B686751D7BB95A003F29D0 /* ViewController.swift */ = {isa = PBXFileReference; lastKnownFileType = sourcecode.swift; path = ViewController.swift; sourceTree = "<group>"; };
		A4B686781D7BB95A003F29D0 /* Base */ = {isa = PBXFileReference; lastKnownFileType = file.storyboard; name = Base; path = Base.lproj/Main.storyboard; sourceTree = "<group>"; };
		A4B6867A1D7BB95A003F29D0 /* Assets.xcassets */ = {isa = PBXFileReference; lastKnownFileType = folder.assetcatalog; path = Assets.xcassets; sourceTree = "<group>"; };
		A4B6867D1D7BB95A003F29D0 /* Base */ = {isa = PBXFileReference; lastKnownFileType = file.storyboard; name = Base; path = Base.lproj/LaunchScreen.storyboard; sourceTree = "<group>"; };
		A4B6867F1D7BB95A003F29D0 /* Info.plist */ = {isa = PBXFileReference; lastKnownFileType = text.plist.xml; path = Info.plist; sourceTree = "<group>"; };
		A4D9014D1D8106CE00CB98E8 /* AddOnsSubmenu.swift */ = {isa = PBXFileReference; fileEncoding = 4; lastKnownFileType = sourcecode.swift; path = AddOnsSubmenu.swift; sourceTree = "<group>"; };
		A4D9014F1D8107A700CB98E8 /* InternalNameObject.swift */ = {isa = PBXFileReference; fileEncoding = 4; lastKnownFileType = sourcecode.swift; path = InternalNameObject.swift; sourceTree = "<group>"; };
/* End PBXFileReference section */

/* Begin PBXFrameworksBuildPhase section */
		A4B6866D1D7BB95A003F29D0 /* Frameworks */ = {
			isa = PBXFrameworksBuildPhase;
			buildActionMask = 2147483647;
			files = (
			);
			runOnlyForDeploymentPostprocessing = 0;
		};
/* End PBXFrameworksBuildPhase section */

/* Begin PBXGroup section */
		A4B440201D7CC34C008340A7 /* food */ = {
			isa = PBXGroup;
			children = (
				A4B440271D7CCD98008340A7 /* sandwiches */,
				A4B440241D7CC5E5008340A7 /* add_ons */,
				A4B440211D7CC383008340A7 /* PFoodItem.swift */,
				A4504DD81D7D1C9A00AD4F27 /* FoodItem.swift */,
				A4D9014F1D8107A700CB98E8 /* InternalNameObject.swift */,
			);
			name = food;
			sourceTree = "<group>";
		};
		A4B440241D7CC5E5008340A7 /* add_ons */ = {
			isa = PBXGroup;
			children = (
				A4B440251D7CC640008340A7 /* AddOn.swift */,
				A4504DDE1D7D329A00AD4F27 /* AddOnsMenu.swift */,
				A47149151D7E380F00138952 /* Bread.swift */,
				A47149181D7E394200138952 /* BreadMenu.swift */,
				A4D9014D1D8106CE00CB98E8 /* AddOnsSubmenu.swift */,
			);
			name = add_ons;
			sourceTree = "<group>";
		};
		A4B440271D7CCD98008340A7 /* sandwiches */ = {
			isa = PBXGroup;
			children = (
				A4B440281D7CCDE5008340A7 /* Sandwich.swift */,
				A4504DDA1D7D278300AD4F27 /* SandwichBase.swift */,
			);
			name = sandwiches;
			sourceTree = "<group>";
		};
		A4B686671D7BB95A003F29D0 = {
			isa = PBXGroup;
			children = (
				A4B686721D7BB95A003F29D0 /* Ike's Love and Sandwiches */,
				A4B686711D7BB95A003F29D0 /* Products */,
			);
			sourceTree = "<group>";
		};
		A4B686711D7BB95A003F29D0 /* Products */ = {
			isa = PBXGroup;
			children = (
				A4B686701D7BB95A003F29D0 /* Ike's Love and Sandwiches.app */,
			);
			name = Products;
			sourceTree = "<group>";
		};
		A4B686721D7BB95A003F29D0 /* Ike's Love and Sandwiches */ = {
			isa = PBXGroup;
			children = (
				A4B440201D7CC34C008340A7 /* food */,
				A4B686731D7BB95A003F29D0 /* AppDelegate.swift */,
				A4B686751D7BB95A003F29D0 /* ViewController.swift */,
				A4B686771D7BB95A003F29D0 /* Main.storyboard */,
				A4B6867A1D7BB95A003F29D0 /* Assets.xcassets */,
				A4B6867C1D7BB95A003F29D0 /* LaunchScreen.storyboard */,
				A4B6867F1D7BB95A003F29D0 /* Info.plist */,
			);
			path = "Ike's Love and Sandwiches";
			sourceTree = "<group>";
		};
/* End PBXGroup section */

/* Begin PBXNativeTarget section */
		A4B6866F1D7BB95A003F29D0 /* Ike's Love and Sandwiches */ = {
			isa = PBXNativeTarget;
			buildConfigurationList = A4B686821D7BB95A003F29D0 /* Build configuration list for PBXNativeTarget "Ike's Love and Sandwiches" */;
			buildPhases = (
				A4B6866C1D7BB95A003F29D0 /* Sources */,
				A4B6866D1D7BB95A003F29D0 /* Frameworks */,
				A4B6866E1D7BB95A003F29D0 /* Resources */,
			);
			buildRules = (
			);
			dependencies = (
			);
			name = "Ike's Love and Sandwiches";
			productName = "Ike's Love and Sandwiches";
			productReference = A4B686701D7BB95A003F29D0 /* Ike's Love and Sandwiches.app */;
			productType = "com.apple.product-type.application";
		};
/* End PBXNativeTarget section */

/* Begin PBXProject section */
		A4B686681D7BB95A003F29D0 /* Project object */ = {
			isa = PBXProject;
			attributes = {
				LastSwiftUpdateCheck = 0730;
				LastUpgradeCheck = 0730;
				ORGANIZATIONNAME = "Ike's Place";
				TargetAttributes = {
					A4B6866F1D7BB95A003F29D0 = {
						CreatedOnToolsVersion = 7.3.1;
						DevelopmentTeam = JWDL6K3VXC;
					};
				};
			};
			buildConfigurationList = A4B6866B1D7BB95A003F29D0 /* Build configuration list for PBXProject "Ike's Love and Sandwiches" */;
			compatibilityVersion = "Xcode 3.2";
			developmentRegion = English;
			hasScannedForEncodings = 0;
			knownRegions = (
				en,
				Base,
			);
			mainGroup = A4B686671D7BB95A003F29D0;
			productRefGroup = A4B686711D7BB95A003F29D0 /* Products */;
			projectDirPath = "";
			projectRoot = "";
			targets = (
				A4B6866F1D7BB95A003F29D0 /* Ike's Love and Sandwiches */,
			);
		};
/* End PBXProject section */

/* Begin PBXResourcesBuildPhase section */
		A4B6866E1D7BB95A003F29D0 /* Resources */ = {
			isa = PBXResourcesBuildPhase;
			buildActionMask = 2147483647;
			files = (
				A4B6867E1D7BB95A003F29D0 /* LaunchScreen.storyboard in Resources */,
				A4B6867B1D7BB95A003F29D0 /* Assets.xcassets in Resources */,
				A4B686791D7BB95A003F29D0 /* Main.storyboard in Resources */,
			);
			runOnlyForDeploymentPostprocessing = 0;
		};
/* End PBXResourcesBuildPhase section */

/* Begin PBXSourcesBuildPhase section */
		A4B6866C1D7BB95A003F29D0 /* Sources */ = {
			isa = PBXSourcesBuildPhase;
			buildActionMask = 2147483647;
			files = (
				A4D901501D8107A700CB98E8 /* InternalNameObject.swift in Sources */,
				A4504DDB1D7D278300AD4F27 /* SandwichBase.swift in Sources */,
				A4B440261D7CC640008340A7 /* AddOn.swift in Sources */,
				A4B686761D7BB95A003F29D0 /* ViewController.swift in Sources */,
				A4504DDF1D7D329A00AD4F27 /* AddOnsMenu.swift in Sources */,
				A4B440291D7CCDE5008340A7 /* Sandwich.swift in Sources */,
				A4B686741D7BB95A003F29D0 /* AppDelegate.swift in Sources */,
				A4504DD91D7D1C9A00AD4F27 /* FoodItem.swift in Sources */,
				A47149161D7E380F00138952 /* Bread.swift in Sources */,
				A4B440221D7CC383008340A7 /* PFoodItem.swift in Sources */,
				A4D9014E1D8106CE00CB98E8 /* AddOnsSubmenu.swift in Sources */,
				A47149191D7E394200138952 /* BreadMenu.swift in Sources */,
			);
			runOnlyForDeploymentPostprocessing = 0;
		};
/* End PBXSourcesBuildPhase section */

/* Begin PBXVariantGroup section */
		A4B686771D7BB95A003F29D0 /* Main.storyboard */ = {
			isa = PBXVariantGroup;
			children = (
				A4B686781D7BB95A003F29D0 /* Base */,
			);
			name = Main.storyboard;
			sourceTree = "<group>";
		};
		A4B6867C1D7BB95A003F29D0 /* LaunchScreen.storyboard */ = {
			isa = PBXVariantGroup;
			children = (
				A4B6867D1D7BB95A003F29D0 /* Base */,
			);
			name = LaunchScreen.storyboard;
			sourceTree = "<group>";
		};
/* End PBXVariantGroup section */

/* Begin XCBuildConfiguration section */
		A4B686801D7BB95A003F29D0 /* Debug */ = {
			isa = XCBuildConfiguration;
			buildSettings = {
				ALWAYS_SEARCH_USER_PATHS = NO;
				CLANG_ANALYZER_NONNULL = YES;
				CLANG_CXX_LANGUAGE_STANDARD = "gnu++0x";
				CLANG_CXX_LIBRARY = "libc++";
				CLANG_ENABLE_MODULES = YES;
				CLANG_ENABLE_OBJC_ARC = YES;
				CLANG_WARN_BOOL_CONVERSION = YES;
				CLANG_WARN_CONSTANT_CONVERSION = YES;
				CLANG_WARN_DIRECT_OBJC_ISA_USAGE = YES_ERROR;
				CLANG_WARN_EMPTY_BODY = YES;
				CLANG_WARN_ENUM_CONVERSION = YES;
				CLANG_WARN_INT_CONVERSION = YES;
				CLANG_WARN_OBJC_ROOT_CLASS = YES_ERROR;
				CLANG_WARN_UNREACHABLE_CODE = YES;
				CLANG_WARN__DUPLICATE_METHOD_MATCH = YES;
				"CODE_SIGN_IDENTITY[sdk=iphoneos*]" = "iPhone Developer";
				COPY_PHASE_STRIP = NO;
				DEBUG_INFORMATION_FORMAT = dwarf;
				ENABLE_STRICT_OBJC_MSGSEND = YES;
				ENABLE_TESTABILITY = YES;
				GCC_C_LANGUAGE_STANDARD = gnu99;
				GCC_DYNAMIC_NO_PIC = NO;
				GCC_NO_COMMON_BLOCKS = YES;
				GCC_OPTIMIZATION_LEVEL = 0;
				GCC_PREPROCESSOR_DEFINITIONS = (
					"DEBUG=1",
					"$(inherited)",
				);
				GCC_WARN_64_TO_32_BIT_CONVERSION = YES;
				GCC_WARN_ABOUT_RETURN_TYPE = YES_ERROR;
				GCC_WARN_UNDECLARED_SELECTOR = YES;
				GCC_WARN_UNINITIALIZED_AUTOS = YES_AGGRESSIVE;
				GCC_WARN_UNUSED_FUNCTION = YES;
				GCC_WARN_UNUSED_VARIABLE = YES;
				IPHONEOS_DEPLOYMENT_TARGET = 8.0;
				MTL_ENABLE_DEBUG_INFO = YES;
				ONLY_ACTIVE_ARCH = YES;
				SDKROOT = iphoneos;
				SWIFT_OPTIMIZATION_LEVEL = "-Onone";
				TARGETED_DEVICE_FAMILY = "1,2";
			};
			name = Debug;
		};
		A4B686811D7BB95A003F29D0 /* Release */ = {
			isa = XCBuildConfiguration;
			buildSettings = {
				ALWAYS_SEARCH_USER_PATHS = NO;
				CLANG_ANALYZER_NONNULL = YES;
				CLANG_CXX_LANGUAGE_STANDARD = "gnu++0x";
				CLANG_CXX_LIBRARY = "libc++";
				CLANG_ENABLE_MODULES = YES;
				CLANG_ENABLE_OBJC_ARC = YES;
				CLANG_WARN_BOOL_CONVERSION = YES;
				CLANG_WARN_CONSTANT_CONVERSION = YES;
				CLANG_WARN_DIRECT_OBJC_ISA_USAGE = YES_ERROR;
				CLANG_WARN_EMPTY_BODY = YES;
				CLANG_WARN_ENUM_CONVERSION = YES;
				CLANG_WARN_INT_CONVERSION = YES;
				CLANG_WARN_OBJC_ROOT_CLASS = YES_ERROR;
				CLANG_WARN_UNREACHABLE_CODE = YES;
				CLANG_WARN__DUPLICATE_METHOD_MATCH = YES;
				"CODE_SIGN_IDENTITY[sdk=iphoneos*]" = "iPhone Developer";
				COPY_PHASE_STRIP = NO;
				DEBUG_INFORMATION_FORMAT = "dwarf-with-dsym";
				ENABLE_NS_ASSERTIONS = NO;
				ENABLE_STRICT_OBJC_MSGSEND = YES;
				GCC_C_LANGUAGE_STANDARD = gnu99;
				GCC_NO_COMMON_BLOCKS = YES;
				GCC_WARN_64_TO_32_BIT_CONVERSION = YES;
				GCC_WARN_ABOUT_RETURN_TYPE = YES_ERROR;
				GCC_WARN_UNDECLARED_SELECTOR = YES;
				GCC_WARN_UNINITIALIZED_AUTOS = YES_AGGRESSIVE;
				GCC_WARN_UNUSED_FUNCTION = YES;
				GCC_WARN_UNUSED_VARIABLE = YES;
				IPHONEOS_DEPLOYMENT_TARGET = 8.0;
				MTL_ENABLE_DEBUG_INFO = NO;
				SDKROOT = iphoneos;
				TARGETED_DEVICE_FAMILY = "1,2";
				VALIDATE_PRODUCT = YES;
			};
			name = Release;
		};
		A4B686831D7BB95A003F29D0 /* Debug */ = {
			isa = XCBuildConfiguration;
			buildSettings = {
				ASSETCATALOG_COMPILER_APPICON_NAME = AppIcon;
				CODE_SIGN_IDENTITY = "iPhone Developer";
				"CODE_SIGN_IDENTITY[sdk=iphoneos*]" = "iPhone Developer";
				INFOPLIST_FILE = "Ike's Love and Sandwiches/Info.plist";
				LD_RUNPATH_SEARCH_PATHS = "$(inherited) @executable_path/Frameworks";
				PRODUCT_BUNDLE_IDENTIFIER = "com.ilikeikesplace.Ike-s-Love-and-Sandwiches";
				PRODUCT_NAME = "$(TARGET_NAME)";
				PROVISIONING_PROFILE = "";
			};
			name = Debug;
		};
		A4B686841D7BB95A003F29D0 /* Release */ = {
			isa = XCBuildConfiguration;
			buildSettings = {
				ASSETCATALOG_COMPILER_APPICON_NAME = AppIcon;
				CODE_SIGN_IDENTITY = "iPhone Developer";
				"CODE_SIGN_IDENTITY[sdk=iphoneos*]" = "iPhone Developer";
				INFOPLIST_FILE = "Ike's Love and Sandwiches/Info.plist";
				LD_RUNPATH_SEARCH_PATHS = "$(inherited) @executable_path/Frameworks";
				PRODUCT_BUNDLE_IDENTIFIER = "com.ilikeikesplace.Ike-s-Love-and-Sandwiches";
				PRODUCT_NAME = "$(TARGET_NAME)";
				PROVISIONING_PROFILE = "";
			};
			name = Release;
		};
/* End XCBuildConfiguration section */

/* Begin XCConfigurationList section */
		A4B6866B1D7BB95A003F29D0 /* Build configuration list for PBXProject "Ike's Love and Sandwiches" */ = {
			isa = XCConfigurationList;
			buildConfigurations = (
				A4B686801D7BB95A003F29D0 /* Debug */,
				A4B686811D7BB95A003F29D0 /* Release */,
			);
			defaultConfigurationIsVisible = 0;
			defaultConfigurationName = Release;
		};
		A4B686821D7BB95A003F29D0 /* Build configuration list for PBXNativeTarget "Ike's Love and Sandwiches" */ = {
			isa = XCConfigurationList;
			buildConfigurations = (
				A4B686831D7BB95A003F29D0 /* Debug */,
				A4B686841D7BB95A003F29D0 /* Release */,
			);
			defaultConfigurationIsVisible = 0;
			defaultConfigurationName = Release;
		};
/* End XCConfigurationList section */
	};
	rootObject = A4B686681D7BB95A003F29D0 /* Project object */;
}
